// !$*UTF8*$!
{
	archiveVersion = 1;
	classes = {
	};
	objectVersion = 55;
	objects = {

/* Begin PBXBuildFile section */
		9577D68228B7A03C0030BD63 /* AppDelegate.swift in Sources */ = {isa = PBXBuildFile; fileRef = 9577D68128B7A03C0030BD63 /* AppDelegate.swift */; };
		9577D68428B7A03C0030BD63 /* SceneDelegate.swift in Sources */ = {isa = PBXBuildFile; fileRef = 9577D68328B7A03C0030BD63 /* SceneDelegate.swift */; };
		9577D68928B7A03C0030BD63 /* Main.storyboard in Resources */ = {isa = PBXBuildFile; fileRef = 9577D68728B7A03C0030BD63 /* Main.storyboard */; };
		9577D68C28B7A03C0030BD63 /* homeWork26__shio_andghuladze_.xcdatamodeld in Sources */ = {isa = PBXBuildFile; fileRef = 9577D68A28B7A03C0030BD63 /* homeWork26__shio_andghuladze_.xcdatamodeld */; };
		9577D68E28B7A03F0030BD63 /* Assets.xcassets in Resources */ = {isa = PBXBuildFile; fileRef = 9577D68D28B7A03F0030BD63 /* Assets.xcassets */; };
		9577D69128B7A03F0030BD63 /* LaunchScreen.storyboard in Resources */ = {isa = PBXBuildFile; fileRef = 9577D68F28B7A03F0030BD63 /* LaunchScreen.storyboard */; };
		95BD9BF428B7A4DB00DFB9CB /* Note+CoreDataClass.swift in Sources */ = {isa = PBXBuildFile; fileRef = 95BD9BF228B7A4DB00DFB9CB /* Note+CoreDataClass.swift */; };
		95BD9BF528B7A4DB00DFB9CB /* Note+CoreDataProperties.swift in Sources */ = {isa = PBXBuildFile; fileRef = 95BD9BF328B7A4DB00DFB9CB /* Note+CoreDataProperties.swift */; };
		95BD9BF828B7A8E500DFB9CB /* NotesViewController.swift in Sources */ = {isa = PBXBuildFile; fileRef = 95BD9BF728B7A8E500DFB9CB /* NotesViewController.swift */; };
		95BD9BFA28B7A8F200DFB9CB /* FavoritesViewController.swift in Sources */ = {isa = PBXBuildFile; fileRef = 95BD9BF928B7A8F200DFB9CB /* FavoritesViewController.swift */; };
		95BD9BFC28B7A8FF00DFB9CB /* NoteDetailsViewController.swift in Sources */ = {isa = PBXBuildFile; fileRef = 95BD9BFB28B7A8FF00DFB9CB /* NoteDetailsViewController.swift */; };
		95BD9BFE28B7A95000DFB9CB /* CreateNoteViewController.swift in Sources */ = {isa = PBXBuildFile; fileRef = 95BD9BFD28B7A95000DFB9CB /* CreateNoteViewController.swift */; };
		95BD9C0228B7A99F00DFB9CB /* NoteTableViewCell.swift in Sources */ = {isa = PBXBuildFile; fileRef = 95BD9C0028B7A99F00DFB9CB /* NoteTableViewCell.swift */; };
		95BD9C0328B7A99F00DFB9CB /* NoteTableViewCell.xib in Resources */ = {isa = PBXBuildFile; fileRef = 95BD9C0128B7A99F00DFB9CB /* NoteTableViewCell.xib */; };
		95BD9C0628B7AF0E00DFB9CB /* Extensions.swift in Sources */ = {isa = PBXBuildFile; fileRef = 95BD9C0528B7AF0E00DFB9CB /* Extensions.swift */; };
/* End PBXBuildFile section */

/* Begin PBXFileReference section */
		9577D67E28B7A03C0030BD63 /* homeWork26 (shio andghuladze).app */ = {isa = PBXFileReference; explicitFileType = wrapper.application; includeInIndex = 0; path = "homeWork26 (shio andghuladze).app"; sourceTree = BUILT_PRODUCTS_DIR; };
		9577D68128B7A03C0030BD63 /* AppDelegate.swift */ = {isa = PBXFileReference; lastKnownFileType = sourcecode.swift; path = AppDelegate.swift; sourceTree = "<group>"; };
		9577D68328B7A03C0030BD63 /* SceneDelegate.swift */ = {isa = PBXFileReference; lastKnownFileType = sourcecode.swift; path = SceneDelegate.swift; sourceTree = "<group>"; };
		9577D68828B7A03C0030BD63 /* Base */ = {isa = PBXFileReference; lastKnownFileType = file.storyboard; name = Base; path = Base.lproj/Main.storyboard; sourceTree = "<group>"; };
		9577D68B28B7A03C0030BD63 /* homeWork26__shio_andghuladze_.xcdatamodel */ = {isa = PBXFileReference; lastKnownFileType = wrapper.xcdatamodel; path = homeWork26__shio_andghuladze_.xcdatamodel; sourceTree = "<group>"; };
		9577D68D28B7A03F0030BD63 /* Assets.xcassets */ = {isa = PBXFileReference; lastKnownFileType = folder.assetcatalog; path = Assets.xcassets; sourceTree = "<group>"; };
		9577D69028B7A03F0030BD63 /* Base */ = {isa = PBXFileReference; lastKnownFileType = file.storyboard; name = Base; path = Base.lproj/LaunchScreen.storyboard; sourceTree = "<group>"; };
		9577D69228B7A03F0030BD63 /* Info.plist */ = {isa = PBXFileReference; lastKnownFileType = text.plist.xml; path = Info.plist; sourceTree = "<group>"; };
		95BD9BF228B7A4DB00DFB9CB /* Note+CoreDataClass.swift */ = {isa = PBXFileReference; lastKnownFileType = sourcecode.swift; path = "Note+CoreDataClass.swift"; sourceTree = "<group>"; };
		95BD9BF328B7A4DB00DFB9CB /* Note+CoreDataProperties.swift */ = {isa = PBXFileReference; lastKnownFileType = sourcecode.swift; path = "Note+CoreDataProperties.swift"; sourceTree = "<group>"; };
		95BD9BF728B7A8E500DFB9CB /* NotesViewController.swift */ = {isa = PBXFileReference; lastKnownFileType = sourcecode.swift; path = NotesViewController.swift; sourceTree = "<group>"; };
		95BD9BF928B7A8F200DFB9CB /* FavoritesViewController.swift */ = {isa = PBXFileReference; lastKnownFileType = sourcecode.swift; path = FavoritesViewController.swift; sourceTree = "<group>"; };
		95BD9BFB28B7A8FF00DFB9CB /* NoteDetailsViewController.swift */ = {isa = PBXFileReference; lastKnownFileType = sourcecode.swift; path = NoteDetailsViewController.swift; sourceTree = "<group>"; };
		95BD9BFD28B7A95000DFB9CB /* CreateNoteViewController.swift */ = {isa = PBXFileReference; lastKnownFileType = sourcecode.swift; path = CreateNoteViewController.swift; sourceTree = "<group>"; };
		95BD9C0028B7A99F00DFB9CB /* NoteTableViewCell.swift */ = {isa = PBXFileReference; lastKnownFileType = sourcecode.swift; path = NoteTableViewCell.swift; sourceTree = "<group>"; };
		95BD9C0128B7A99F00DFB9CB /* NoteTableViewCell.xib */ = {isa = PBXFileReference; lastKnownFileType = file.xib; path = NoteTableViewCell.xib; sourceTree = "<group>"; };
		95BD9C0528B7AF0E00DFB9CB /* Extensions.swift */ = {isa = PBXFileReference; lastKnownFileType = sourcecode.swift; path = Extensions.swift; sourceTree = "<group>"; };
/* End PBXFileReference section */

/* Begin PBXFrameworksBuildPhase section */
		9577D67B28B7A03C0030BD63 /* Frameworks */ = {
			isa = PBXFrameworksBuildPhase;
			buildActionMask = 2147483647;
			files = (
			);
			runOnlyForDeploymentPostprocessing = 0;
		};
/* End PBXFrameworksBuildPhase section */

/* Begin PBXGroup section */
		9577D67528B7A03C0030BD63 = {
			isa = PBXGroup;
			children = (
				95BD9BF228B7A4DB00DFB9CB /* Note+CoreDataClass.swift */,
				95BD9BF328B7A4DB00DFB9CB /* Note+CoreDataProperties.swift */,
				9577D68028B7A03C0030BD63 /* homeWork26 (shio andghuladze) */,
				9577D67F28B7A03C0030BD63 /* Products */,
			);
			sourceTree = "<group>";
		};
		9577D67F28B7A03C0030BD63 /* Products */ = {
			isa = PBXGroup;
			children = (
				9577D67E28B7A03C0030BD63 /* homeWork26 (shio andghuladze).app */,
			);
			name = Products;
			sourceTree = "<group>";
		};
		9577D68028B7A03C0030BD63 /* homeWork26 (shio andghuladze) */ = {
			isa = PBXGroup;
			children = (
				95BD9C0428B7AF0100DFB9CB /* extensions */,
				95BD9BFF28B7A98600DFB9CB /* cell */,
				95BD9BF628B7A8B600DFB9CB /* controller */,
				9577D68128B7A03C0030BD63 /* AppDelegate.swift */,
				9577D68328B7A03C0030BD63 /* SceneDelegate.swift */,
				9577D68728B7A03C0030BD63 /* Main.storyboard */,
				9577D68D28B7A03F0030BD63 /* Assets.xcassets */,
				9577D68F28B7A03F0030BD63 /* LaunchScreen.storyboard */,
				9577D69228B7A03F0030BD63 /* Info.plist */,
				9577D68A28B7A03C0030BD63 /* homeWork26__shio_andghuladze_.xcdatamodeld */,
			);
			path = "homeWork26 (shio andghuladze)";
			sourceTree = "<group>";
		};
		95BD9BF628B7A8B600DFB9CB /* controller */ = {
			isa = PBXGroup;
			children = (
				95BD9BF728B7A8E500DFB9CB /* NotesViewController.swift */,
				95BD9BF928B7A8F200DFB9CB /* FavoritesViewController.swift */,
				95BD9BFB28B7A8FF00DFB9CB /* NoteDetailsViewController.swift */,
				95BD9BFD28B7A95000DFB9CB /* CreateNoteViewController.swift */,
			);
			path = controller;
			sourceTree = "<group>";
		};
		95BD9BFF28B7A98600DFB9CB /* cell */ = {
			isa = PBXGroup;
			children = (
				95BD9C0028B7A99F00DFB9CB /* NoteTableViewCell.swift */,
				95BD9C0128B7A99F00DFB9CB /* NoteTableViewCell.xib */,
			);
			path = cell;
			sourceTree = "<group>";
		};
		95BD9C0428B7AF0100DFB9CB /* extensions */ = {
			isa = PBXGroup;
			children = (
				95BD9C0528B7AF0E00DFB9CB /* Extensions.swift */,
			);
			path = extensions;
			sourceTree = "<group>";
		};
/* End PBXGroup section */

/* Begin PBXNativeTarget section */
		9577D67D28B7A03C0030BD63 /* homeWork26 (shio andghuladze) */ = {
			isa = PBXNativeTarget;
			buildConfigurationList = 9577D69528B7A03F0030BD63 /* Build configuration list for PBXNativeTarget "homeWork26 (shio andghuladze)" */;
			buildPhases = (
				9577D67A28B7A03C0030BD63 /* Sources */,
				9577D67B28B7A03C0030BD63 /* Frameworks */,
				9577D67C28B7A03C0030BD63 /* Resources */,
			);
			buildRules = (
			);
			dependencies = (
			);
			name = "homeWork26 (shio andghuladze)";
			productName = "homeWork26 (shio andghuladze)";
			productReference = 9577D67E28B7A03C0030BD63 /* homeWork26 (shio andghuladze).app */;
			productType = "com.apple.product-type.application";
		};
/* End PBXNativeTarget section */

/* Begin PBXProject section */
		9577D67628B7A03C0030BD63 /* Project object */ = {
			isa = PBXProject;
			attributes = {
				BuildIndependentTargetsInParallel = 1;
				LastSwiftUpdateCheck = 1340;
				LastUpgradeCheck = 1340;
				TargetAttributes = {
					9577D67D28B7A03C0030BD63 = {
						CreatedOnToolsVersion = 13.4;
					};
				};
			};
			buildConfigurationList = 9577D67928B7A03C0030BD63 /* Build configuration list for PBXProject "homeWork26 (shio andghuladze)" */;
			compatibilityVersion = "Xcode 13.0";
			developmentRegion = en;
			hasScannedForEncodings = 0;
			knownRegions = (
				en,
				Base,
			);
			mainGroup = 9577D67528B7A03C0030BD63;
			productRefGroup = 9577D67F28B7A03C0030BD63 /* Products */;
			projectDirPath = "";
			projectRoot = "";
			targets = (
				9577D67D28B7A03C0030BD63 /* homeWork26 (shio andghuladze) */,
			);
		};
/* End PBXProject section */

/* Begin PBXResourcesBuildPhase section */
		9577D67C28B7A03C0030BD63 /* Resources */ = {
			isa = PBXResourcesBuildPhase;
			buildActionMask = 2147483647;
			files = (
				9577D69128B7A03F0030BD63 /* LaunchScreen.storyboard in Resources */,
				9577D68E28B7A03F0030BD63 /* Assets.xcassets in Resources */,
				9577D68928B7A03C0030BD63 /* Main.storyboard in Resources */,
				95BD9C0328B7A99F00DFB9CB /* NoteTableViewCell.xib in Resources */,
			);
			runOnlyForDeploymentPostprocessing = 0;
		};
/* End PBXResourcesBuildPhase section */

/* Begin PBXSourcesBuildPhase section */
		9577D67A28B7A03C0030BD63 /* Sources */ = {
			isa = PBXSourcesBuildPhase;
			buildActionMask = 2147483647;
			files = (
				9577D68C28B7A03C0030BD63 /* homeWork26__shio_andghuladze_.xcdatamodeld in Sources */,
				95BD9BF428B7A4DB00DFB9CB /* Note+CoreDataClass.swift in Sources */,
				95BD9BFA28B7A8F200DFB9CB /* FavoritesViewController.swift in Sources */,
				95BD9C0228B7A99F00DFB9CB /* NoteTableViewCell.swift in Sources */,
				95BD9BF828B7A8E500DFB9CB /* NotesViewController.swift in Sources */,
				95BD9BFE28B7A95000DFB9CB /* CreateNoteViewController.swift in Sources */,
				9577D68228B7A03C0030BD63 /* AppDelegate.swift in Sources */,
				95BD9BFC28B7A8FF00DFB9CB /* NoteDetailsViewController.swift in Sources */,
				9577D68428B7A03C0030BD63 /* SceneDelegate.swift in Sources */,
				95BD9C0628B7AF0E00DFB9CB /* Extensions.swift in Sources */,
				95BD9BF528B7A4DB00DFB9CB /* Note+CoreDataProperties.swift in Sources */,
			);
			runOnlyForDeploymentPostprocessing = 0;
		};
/* End PBXSourcesBuildPhase section */

/* Begin PBXVariantGroup section */
		9577D68728B7A03C0030BD63 /* Main.storyboard */ = {
			isa = PBXVariantGroup;
			children = (
				9577D68828B7A03C0030BD63 /* Base */,
			);
			name = Main.storyboard;
			sourceTree = "<group>";
		};
		9577D68F28B7A03F0030BD63 /* LaunchScreen.storyboard */ = {
			isa = PBXVariantGroup;
			children = (
				9577D69028B7A03F0030BD63 /* Base */,
			);
			name = LaunchScreen.storyboard;
			sourceTree = "<group>";
		};
/* End PBXVariantGroup section */

/* Begin XCBuildConfiguration section */
		9577D69328B7A03F0030BD63 /* Debug */ = {
			isa = XCBuildConfiguration;
			buildSettings = {
				ALWAYS_SEARCH_USER_PATHS = NO;
				CLANG_ANALYZER_NONNULL = YES;
				CLANG_ANALYZER_NUMBER_OBJECT_CONVERSION = YES_AGGRESSIVE;
				CLANG_CXX_LANGUAGE_STANDARD = "gnu++17";
				CLANG_ENABLE_MODULES = YES;
				CLANG_ENABLE_OBJC_ARC = YES;
				CLANG_ENABLE_OBJC_WEAK = YES;
				CLANG_WARN_BLOCK_CAPTURE_AUTORELEASING = YES;
				CLANG_WARN_BOOL_CONVERSION = YES;
				CLANG_WARN_COMMA = YES;
				CLANG_WARN_CONSTANT_CONVERSION = YES;
				CLANG_WARN_DEPRECATED_OBJC_IMPLEMENTATIONS = YES;
				CLANG_WARN_DIRECT_OBJC_ISA_USAGE = YES_ERROR;
				CLANG_WARN_DOCUMENTATION_COMMENTS = YES;
				CLANG_WARN_EMPTY_BODY = YES;
				CLANG_WARN_ENUM_CONVERSION = YES;
				CLANG_WARN_INFINITE_RECURSION = YES;
				CLANG_WARN_INT_CONVERSION = YES;
				CLANG_WARN_NON_LITERAL_NULL_CONVERSION = YES;
				CLANG_WARN_OBJC_IMPLICIT_RETAIN_SELF = YES;
				CLANG_WARN_OBJC_LITERAL_CONVERSION = YES;
				CLANG_WARN_OBJC_ROOT_CLASS = YES_ERROR;
				CLANG_WARN_QUOTED_INCLUDE_IN_FRAMEWORK_HEADER = YES;
				CLANG_WARN_RANGE_LOOP_ANALYSIS = YES;
				CLANG_WARN_STRICT_PROTOTYPES = YES;
				CLANG_WARN_SUSPICIOUS_MOVE = YES;
				CLANG_WARN_UNGUARDED_AVAILABILITY = YES_AGGRESSIVE;
				CLANG_WARN_UNREACHABLE_CODE = YES;
				CLANG_WARN__DUPLICATE_METHOD_MATCH = YES;
				COPY_PHASE_STRIP = NO;
				DEBUG_INFORMATION_FORMAT = dwarf;
				ENABLE_STRICT_OBJC_MSGSEND = YES;
				ENABLE_TESTABILITY = YES;
				GCC_C_LANGUAGE_STANDARD = gnu11;
				GCC_DYNAMIC_NO_PIC = NO;
				GCC_NO_COMMON_BLOCKS = YES;
				GCC_OPTIMIZATION_LEVEL = 0;
				GCC_PREPROCESSOR_DEFINITIONS = (
					"DEBUG=1",
					"$(inherited)",
				);
				GCC_WARN_64_TO_32_BIT_CONVERSION = YES;
				GCC_WARN_ABOUT_RETURN_TYPE = YES_ERROR;
				GCC_WARN_UNDECLARED_SELECTOR = YES;
				GCC_WARN_UNINITIALIZED_AUTOS = YES_AGGRESSIVE;
				GCC_WARN_UNUSED_FUNCTION = YES;
				GCC_WARN_UNUSED_VARIABLE = YES;
				IPHONEOS_DEPLOYMENT_TARGET = 15.5;
				MTL_ENABLE_DEBUG_INFO = INCLUDE_SOURCE;
				MTL_FAST_MATH = YES;
				ONLY_ACTIVE_ARCH = YES;
				SDKROOT = iphoneos;
				SWIFT_ACTIVE_COMPILATION_CONDITIONS = DEBUG;
				SWIFT_OPTIMIZATION_LEVEL = "-Onone";
			};
			name = Debug;
		};
		9577D69428B7A03F0030BD63 /* Release */ = {
			isa = XCBuildConfiguration;
			buildSettings = {
				ALWAYS_SEARCH_USER_PATHS = NO;
				CLANG_ANALYZER_NONNULL = YES;
				CLANG_ANALYZER_NUMBER_OBJECT_CONVERSION = YES_AGGRESSIVE;
				CLANG_CXX_LANGUAGE_STANDARD = "gnu++17";
				CLANG_ENABLE_MODULES = YES;
				CLANG_ENABLE_OBJC_ARC = YES;
				CLANG_ENABLE_OBJC_WEAK = YES;
				CLANG_WARN_BLOCK_CAPTURE_AUTORELEASING = YES;
				CLANG_WARN_BOOL_CONVERSION = YES;
				CLANG_WARN_COMMA = YES;
				CLANG_WARN_CONSTANT_CONVERSION = YES;
				CLANG_WARN_DEPRECATED_OBJC_IMPLEMENTATIONS = YES;
				CLANG_WARN_DIRECT_OBJC_ISA_USAGE = YES_ERROR;
				CLANG_WARN_DOCUMENTATION_COMMENTS = YES;
				CLANG_WARN_EMPTY_BODY = YES;
				CLANG_WARN_ENUM_CONVERSION = YES;
				CLANG_WARN_INFINITE_RECURSION = YES;
				CLANG_WARN_INT_CONVERSION = YES;
				CLANG_WARN_NON_LITERAL_NULL_CONVERSION = YES;
				CLANG_WARN_OBJC_IMPLICIT_RETAIN_SELF = YES;
				CLANG_WARN_OBJC_LITERAL_CONVERSION = YES;
				CLANG_WARN_OBJC_ROOT_CLASS = YES_ERROR;
				CLANG_WARN_QUOTED_INCLUDE_IN_FRAMEWORK_HEADER = YES;
				CLANG_WARN_RANGE_LOOP_ANALYSIS = YES;
				CLANG_WARN_STRICT_PROTOTYPES = YES;
				CLANG_WARN_SUSPICIOUS_MOVE = YES;
				CLANG_WARN_UNGUARDED_AVAILABILITY = YES_AGGRESSIVE;
				CLANG_WARN_UNREACHABLE_CODE = YES;
				CLANG_WARN__DUPLICATE_METHOD_MATCH = YES;
				COPY_PHASE_STRIP = NO;
				DEBUG_INFORMATION_FORMAT = "dwarf-with-dsym";
				ENABLE_NS_ASSERTIONS = NO;
				ENABLE_STRICT_OBJC_MSGSEND = YES;
				GCC_C_LANGUAGE_STANDARD = gnu11;
				GCC_NO_COMMON_BLOCKS = YES;
				GCC_WARN_64_TO_32_BIT_CONVERSION = YES;
				GCC_WARN_ABOUT_RETURN_TYPE = YES_ERROR;
				GCC_WARN_UNDECLARED_SELECTOR = YES;
				GCC_WARN_UNINITIALIZED_AUTOS = YES_AGGRESSIVE;
				GCC_WARN_UNUSED_FUNCTION = YES;
				GCC_WARN_UNUSED_VARIABLE = YES;
				IPHONEOS_DEPLOYMENT_TARGET = 15.5;
				MTL_ENABLE_DEBUG_INFO = NO;
				MTL_FAST_MATH = YES;
				SDKROOT = iphoneos;
				SWIFT_COMPILATION_MODE = wholemodule;
				SWIFT_OPTIMIZATION_LEVEL = "-O";
				VALIDATE_PRODUCT = YES;
			};
			name = Release;
		};
		9577D69628B7A03F0030BD63 /* Debug */ = {
			isa = XCBuildConfiguration;
			buildSettings = {
				ASSETCATALOG_COMPILER_APPICON_NAME = AppIcon;
				ASSETCATALOG_COMPILER_GLOBAL_ACCENT_COLOR_NAME = AccentColor;
				CODE_SIGN_STYLE = Automatic;
				CURRENT_PROJECT_VERSION = 1;
				GENERATE_INFOPLIST_FILE = YES;
				INFOPLIST_FILE = "homeWork26 (shio andghuladze)/Info.plist";
				INFOPLIST_KEY_UIApplicationSupportsIndirectInputEvents = YES;
				INFOPLIST_KEY_UILaunchStoryboardName = LaunchScreen;
				INFOPLIST_KEY_UIMainStoryboardFile = Main;
				INFOPLIST_KEY_UISupportedInterfaceOrientations_iPad = "UIInterfaceOrientationPortrait UIInterfaceOrientationPortraitUpsideDown UIInterfaceOrientationLandscapeLeft UIInterfaceOrientationLandscapeRight";
				INFOPLIST_KEY_UISupportedInterfaceOrientations_iPhone = "UIInterfaceOrientationPortrait UIInterfaceOrientationLandscapeLeft UIInterfaceOrientationLandscapeRight";
				LD_RUNPATH_SEARCH_PATHS = (
					"$(inherited)",
					"@executable_path/Frameworks",
				);
				MARKETING_VERSION = 1.0;
				PRODUCT_BUNDLE_IDENTIFIER = "n.homeWork26--shio-andghuladze-";
				PRODUCT_NAME = "$(TARGET_NAME)";
				SWIFT_EMIT_LOC_STRINGS = YES;
				SWIFT_VERSION = 5.0;
				TARGETED_DEVICE_FAMILY = "1,2";
			};
			name = Debug;
		};
		9577D69728B7A03F0030BD63 /* Release */ = {
			isa = XCBuildConfiguration;
			buildSettings = {
				ASSETCATALOG_COMPILER_APPICON_NAME = AppIcon;
				ASSETCATALOG_COMPILER_GLOBAL_ACCENT_COLOR_NAME = AccentColor;
				CODE_SIGN_STYLE = Automatic;
				CURRENT_PROJECT_VERSION = 1;
				GENERATE_INFOPLIST_FILE = YES;
				INFOPLIST_FILE = "homeWork26 (shio andghuladze)/Info.plist";
				INFOPLIST_KEY_UIApplicationSupportsIndirectInputEvents = YES;
				INFOPLIST_KEY_UILaunchStoryboardName = LaunchScreen;
				INFOPLIST_KEY_UIMainStoryboardFile = Main;
				INFOPLIST_KEY_UISupportedInterfaceOrientations_iPad = "UIInterfaceOrientationPortrait UIInterfaceOrientationPortraitUpsideDown UIInterfaceOrientationLandscapeLeft UIInterfaceOrientationLandscapeRight";
				INFOPLIST_KEY_UISupportedInterfaceOrientations_iPhone = "UIInterfaceOrientationPortrait UIInterfaceOrientationLandscapeLeft UIInterfaceOrientationLandscapeRight";
				LD_RUNPATH_SEARCH_PATHS = (
					"$(inherited)",
					"@executable_path/Frameworks",
				);
				MARKETING_VERSION = 1.0;
				PRODUCT_BUNDLE_IDENTIFIER = "n.homeWork26--shio-andghuladze-";
				PRODUCT_NAME = "$(TARGET_NAME)";
				SWIFT_EMIT_LOC_STRINGS = YES;
				SWIFT_VERSION = 5.0;
				TARGETED_DEVICE_FAMILY = "1,2";
			};
			name = Release;
		};
/* End XCBuildConfiguration section */

/* Begin XCConfigurationList section */
		9577D67928B7A03C0030BD63 /* Build configuration list for PBXProject "homeWork26 (shio andghuladze)" */ = {
			isa = XCConfigurationList;
			buildConfigurations = (
				9577D69328B7A03F0030BD63 /* Debug */,
				9577D69428B7A03F0030BD63 /* Release */,
			);
			defaultConfigurationIsVisible = 0;
			defaultConfigurationName = Release;
		};
		9577D69528B7A03F0030BD63 /* Build configuration list for PBXNativeTarget "homeWork26 (shio andghuladze)" */ = {
			isa = XCConfigurationList;
			buildConfigurations = (
				9577D69628B7A03F0030BD63 /* Debug */,
				9577D69728B7A03F0030BD63 /* Release */,
			);
			defaultConfigurationIsVisible = 0;
			defaultConfigurationName = Release;
		};
/* End XCConfigurationList section */

/* Begin XCVersionGroup section */
		9577D68A28B7A03C0030BD63 /* homeWork26__shio_andghuladze_.xcdatamodeld */ = {
			isa = XCVersionGroup;
			children = (
				9577D68B28B7A03C0030BD63 /* homeWork26__shio_andghuladze_.xcdatamodel */,
			);
			currentVersion = 9577D68B28B7A03C0030BD63 /* homeWork26__shio_andghuladze_.xcdatamodel */;
			path = homeWork26__shio_andghuladze_.xcdatamodeld;
			sourceTree = "<group>";
			versionGroupType = wrapper.xcdatamodel;
		};
/* End XCVersionGroup section */
	};
	rootObject = 9577D67628B7A03C0030BD63 /* Project object */;
}
